
Microsoft Visual Studio Solution File, Format Version 10.00
# Visual Studio 2008
Project("{FAE04EC0-301F-11D3-BF4B-00C04F79EFBC}") = "BeerService", "BeerServiceHost\BeerService.csproj", "{3DEF6E1A-F59C-41DE-BCAE-624DA4C9D785}"
EndProject
Project("{FAE04EC0-301F-11D3-BF4B-00C04F79EFBC}") = "BeerClient", "BeerClient\BeerClient.csproj", "{9F52A700-F2B7-4771-91D9-A01F9A0B9CBE}"
EndProject
Global
	GlobalSection(SolutionConfigurationPlatforms) = preSolution
		Debug|Any CPU = Debug|Any CPU
		Release|Any CPU = Release|Any CPU
	EndGlobalSection
	GlobalSection(ProjectConfigurationPlatforms) = postSolution
		{3DEF6E1A-F59C-41DE-BCAE-624DA4C9D785}.Debug|Any CPU.ActiveCfg = Debug|Any CPU
		{3DEF6E1A-F59C-41DE-BCAE-624DA4C9D785}.Debug|Any CPU.Build.0 = Debug|Any CPU
		{3DEF6E1A-F59C-41DE-BCAE-624DA4C9D785}.Release|Any CPU.ActiveCfg = Release|Any CPU
		{3DEF6E1A-F59C-41DE-BCAE-624DA4C9D785}.Release|Any CPU.Build.0 = Release|Any CPU
		{9F52A700-F2B7-4771-91D9-A01F9A0B9CBE}.Debug|Any CPU.ActiveCfg = Debug|Any CPU
		{9F52A700-F2B7-4771-91D9-A01F9A0B9CBE}.Debug|Any CPU.Build.0 = Debug|Any CPU
		{9F52A700-F2B7-4771-91D9-A01F9A0B9CBE}.Release|Any CPU.ActiveCfg = Release|Any CPU
		{9F52A700-F2B7-4771-91D9-A01F9A0B9CBE}.Release|Any CPU.Build.0 = Release|Any CPU
	EndGlobalSection
	GlobalSection(SolutionProperties) = preSolution
		HideSolutionNode = FALSE
	EndGlobalSection
EndGlobal
