
Microsoft Visual Studio Solution File, Format Version 10.00
# Visual Studio 2008
Project("{FAE04EC0-301F-11D3-BF4B-00C04F79EFBC}") = "Visualizacion", "Cliente\Visualizacion.csproj", "{4BEC8405-1986-48D8-9C0C-BD219CF96C1C}"
EndProject
Project("{FAE04EC0-301F-11D3-BF4B-00C04F79EFBC}") = "BusinessLogic", "BusinessLogic\BusinessLogic.csproj", "{8622A2C8-9967-4C44-9702-6854D7E4AEDB}"
EndProject
Project("{FAE04EC0-301F-11D3-BF4B-00C04F79EFBC}") = "AccesoDatos", "AccesoDatos\AccesoDatos.csproj", "{83924905-8C17-48A4-AB51-579D0991343F}"
EndProject
Project("{FAE04EC0-301F-11D3-BF4B-00C04F79EFBC}") = "SOA", "SOA\SOA.csproj", "{D43F73EB-0F0B-4740-907E-09E4386E04E2}"
EndProject
Global
	GlobalSection(SolutionConfigurationPlatforms) = preSolution
		Debug|Any CPU = Debug|Any CPU
		Release|Any CPU = Release|Any CPU
	EndGlobalSection
	GlobalSection(ProjectConfigurationPlatforms) = postSolution
		{4BEC8405-1986-48D8-9C0C-BD219CF96C1C}.Debug|Any CPU.ActiveCfg = Debug|Any CPU
		{4BEC8405-1986-48D8-9C0C-BD219CF96C1C}.Debug|Any CPU.Build.0 = Debug|Any CPU
		{4BEC8405-1986-48D8-9C0C-BD219CF96C1C}.Release|Any CPU.ActiveCfg = Release|Any CPU
		{4BEC8405-1986-48D8-9C0C-BD219CF96C1C}.Release|Any CPU.Build.0 = Release|Any CPU
		{8622A2C8-9967-4C44-9702-6854D7E4AEDB}.Debug|Any CPU.ActiveCfg = Debug|Any CPU
		{8622A2C8-9967-4C44-9702-6854D7E4AEDB}.Debug|Any CPU.Build.0 = Debug|Any CPU
		{8622A2C8-9967-4C44-9702-6854D7E4AEDB}.Release|Any CPU.ActiveCfg = Release|Any CPU
		{8622A2C8-9967-4C44-9702-6854D7E4AEDB}.Release|Any CPU.Build.0 = Release|Any CPU
		{83924905-8C17-48A4-AB51-579D0991343F}.Debug|Any CPU.ActiveCfg = Debug|Any CPU
		{83924905-8C17-48A4-AB51-579D0991343F}.Debug|Any CPU.Build.0 = Debug|Any CPU
		{83924905-8C17-48A4-AB51-579D0991343F}.Release|Any CPU.ActiveCfg = Release|Any CPU
		{83924905-8C17-48A4-AB51-579D0991343F}.Release|Any CPU.Build.0 = Release|Any CPU
		{D43F73EB-0F0B-4740-907E-09E4386E04E2}.Debug|Any CPU.ActiveCfg = Debug|Any CPU
		{D43F73EB-0F0B-4740-907E-09E4386E04E2}.Debug|Any CPU.Build.0 = Debug|Any CPU
		{D43F73EB-0F0B-4740-907E-09E4386E04E2}.Release|Any CPU.ActiveCfg = Release|Any CPU
		{D43F73EB-0F0B-4740-907E-09E4386E04E2}.Release|Any CPU.Build.0 = Release|Any CPU
	EndGlobalSection
	GlobalSection(SolutionProperties) = preSolution
		HideSolutionNode = FALSE
	EndGlobalSection
EndGlobal
