
Microsoft Visual Studio Solution File, Format Version 9.00
# Visual Studio 2005
Project("{FAE04EC0-301F-11D3-BF4B-00C04F79EFBC}") = "Cliente", "Cliente\Cliente.csproj", "{4BEC8405-1986-48D8-9C0C-BD219CF96C1C}"
EndProject
Project("{FAE04EC0-301F-11D3-BF4B-00C04F79EFBC}") = "Servidor", "Servidor\Servidor.csproj", "{327ADC52-9244-4054-8684-772E4F924FB7}"
EndProject
Project("{FAE04EC0-301F-11D3-BF4B-00C04F79EFBC}") = "SimuladorRedesIP", "SimuladorRedesIP\SimuladorRedesIP.csproj", "{77264759-D438-41DE-99C6-8FEE326306E8}"
EndProject
Global
	GlobalSection(SolutionConfigurationPlatforms) = preSolution
		Debug|Any CPU = Debug|Any CPU
		Release|Any CPU = Release|Any CPU
	EndGlobalSection
	GlobalSection(ProjectConfigurationPlatforms) = postSolution
		{4BEC8405-1986-48D8-9C0C-BD219CF96C1C}.Debug|Any CPU.ActiveCfg = Debug|Any CPU
		{4BEC8405-1986-48D8-9C0C-BD219CF96C1C}.Debug|Any CPU.Build.0 = Debug|Any CPU
		{4BEC8405-1986-48D8-9C0C-BD219CF96C1C}.Release|Any CPU.ActiveCfg = Release|Any CPU
		{4BEC8405-1986-48D8-9C0C-BD219CF96C1C}.Release|Any CPU.Build.0 = Release|Any CPU
		{327ADC52-9244-4054-8684-772E4F924FB7}.Debug|Any CPU.ActiveCfg = Debug|Any CPU
		{327ADC52-9244-4054-8684-772E4F924FB7}.Debug|Any CPU.Build.0 = Debug|Any CPU
		{327ADC52-9244-4054-8684-772E4F924FB7}.Release|Any CPU.ActiveCfg = Release|Any CPU
		{327ADC52-9244-4054-8684-772E4F924FB7}.Release|Any CPU.Build.0 = Release|Any CPU
		{77264759-D438-41DE-99C6-8FEE326306E8}.Debug|Any CPU.ActiveCfg = Debug|Any CPU
		{77264759-D438-41DE-99C6-8FEE326306E8}.Debug|Any CPU.Build.0 = Debug|Any CPU
		{77264759-D438-41DE-99C6-8FEE326306E8}.Release|Any CPU.ActiveCfg = Release|Any CPU
		{77264759-D438-41DE-99C6-8FEE326306E8}.Release|Any CPU.Build.0 = Release|Any CPU
	EndGlobalSection
	GlobalSection(SolutionProperties) = preSolution
		HideSolutionNode = FALSE
	EndGlobalSection
EndGlobal
